
Microsoft Visual Studio Solution File, Format Version 12.00
# Visual Studio Version 16
VisualStudioVersion = 16.0.31129.286
MinimumVisualStudioVersion = 10.0.40219.1
Project("{FAE04EC0-301F-11D3-BF4B-00C04F79EFBC}") = "Template", "Template\Template.csproj", "{DBC425E2-893E-4602-8384-3600421AE849}"
EndProject
Project("{FAE04EC0-301F-11D3-BF4B-00C04F79EFBC}") = "Interfaces", "Contracts\Interfaces.csproj", "{5D6BEB7D-FD7E-49FE-A5CF-E91AA4847A00}"
EndProject
Project("{FAE04EC0-301F-11D3-BF4B-00C04F79EFBC}") = "LoggerService", "LoggerService\LoggerService.csproj", "{F6182AE0-0D05-42CF-B766-B390929C03A2}"
EndProject
Project("{FAE04EC0-301F-11D3-BF4B-00C04F79EFBC}") = "Entities", "Models\Entities.csproj", "{5E2DE4E2-BFE6-49B5-A10A-1B544B6CF6A0}"
EndProject
Global
	GlobalSection(SolutionConfigurationPlatforms) = preSolution
		Debug|Any CPU = Debug|Any CPU
		Release|Any CPU = Release|Any CPU
	EndGlobalSection
	GlobalSection(ProjectConfigurationPlatforms) = postSolution
		{DBC425E2-893E-4602-8384-3600421AE849}.Debug|Any CPU.ActiveCfg = Debug|Any CPU
		{DBC425E2-893E-4602-8384-3600421AE849}.Debug|Any CPU.Build.0 = Debug|Any CPU
		{DBC425E2-893E-4602-8384-3600421AE849}.Release|Any CPU.ActiveCfg = Release|Any CPU
		{DBC425E2-893E-4602-8384-3600421AE849}.Release|Any CPU.Build.0 = Release|Any CPU
		{5D6BEB7D-FD7E-49FE-A5CF-E91AA4847A00}.Debug|Any CPU.ActiveCfg = Debug|Any CPU
		{5D6BEB7D-FD7E-49FE-A5CF-E91AA4847A00}.Debug|Any CPU.Build.0 = Debug|Any CPU
		{5D6BEB7D-FD7E-49FE-A5CF-E91AA4847A00}.Release|Any CPU.ActiveCfg = Release|Any CPU
		{5D6BEB7D-FD7E-49FE-A5CF-E91AA4847A00}.Release|Any CPU.Build.0 = Release|Any CPU
		{F6182AE0-0D05-42CF-B766-B390929C03A2}.Debug|Any CPU.ActiveCfg = Debug|Any CPU
		{F6182AE0-0D05-42CF-B766-B390929C03A2}.Debug|Any CPU.Build.0 = Debug|Any CPU
		{F6182AE0-0D05-42CF-B766-B390929C03A2}.Release|Any CPU.ActiveCfg = Release|Any CPU
		{F6182AE0-0D05-42CF-B766-B390929C03A2}.Release|Any CPU.Build.0 = Release|Any CPU
		{5E2DE4E2-BFE6-49B5-A10A-1B544B6CF6A0}.Debug|Any CPU.ActiveCfg = Debug|Any CPU
		{5E2DE4E2-BFE6-49B5-A10A-1B544B6CF6A0}.Debug|Any CPU.Build.0 = Debug|Any CPU
		{5E2DE4E2-BFE6-49B5-A10A-1B544B6CF6A0}.Release|Any CPU.ActiveCfg = Release|Any CPU
		{5E2DE4E2-BFE6-49B5-A10A-1B544B6CF6A0}.Release|Any CPU.Build.0 = Release|Any CPU
	EndGlobalSection
	GlobalSection(SolutionProperties) = preSolution
		HideSolutionNode = FALSE
	EndGlobalSection
	GlobalSection(ExtensibilityGlobals) = postSolution
		SolutionGuid = {00CDC0E2-555E-47A0-8542-F5E5548ACBD3}
	EndGlobalSection
EndGlobal
